
Microsoft Visual Studio Solution File, Format Version 12.00
# Visual Studio 15
VisualStudioVersion = 15.0.28010.2036
MinimumVisualStudioVersion = 10.0.40219.1
Project("{9A19103F-16F7-4668-BE54-9A1E7A4F7556}") = "BlueBoxRental.Web", "BlueBoxRental.Web\BlueBoxRental.Web.csproj", "{C054927A-A4F5-470B-BC72-C05F4B41B843}"
EndProject
Project("{9A19103F-16F7-4668-BE54-9A1E7A4F7556}") = "BlueBoxRental.Entities", "BlueBoxRental.Entities\BlueBoxRental.Entities.csproj", "{D47D999A-8115-4585-BFA4-196B7F95AC03}"
EndProject
Project("{9A19103F-16F7-4668-BE54-9A1E7A4F7556}") = "BlueBoxRental.FilmServices", "BlueBoxRental.FilmServices\BlueBoxRental.FilmServices.csproj", "{222E83EF-8A67-4269-9CE0-E24E39AB952C}"
EndProject
Project("{FAE04EC0-301F-11D3-BF4B-00C04F79EFBC}") = "BlueBoxRental.API.Gateway", "BlueBoxRental.API.Gateway\BlueBoxRental.API.Gateway.csproj", "{3361AD75-BF5F-4C86-AD94-0610E8F539C9}"
EndProject
Project("{FAE04EC0-301F-11D3-BF4B-00C04F79EFBC}") = "BlueBoxRental.CustomerServices", "BlueBoxRental.CustomerServices\BlueBoxRental.CustomerServices.csproj", "{06F07E9B-66E6-4466-922C-0525BF994D65}"
EndProject
Global
	GlobalSection(SolutionConfigurationPlatforms) = preSolution
		Debug|Any CPU = Debug|Any CPU
		Release|Any CPU = Release|Any CPU
	EndGlobalSection
	GlobalSection(ProjectConfigurationPlatforms) = postSolution
		{C054927A-A4F5-470B-BC72-C05F4B41B843}.Debug|Any CPU.ActiveCfg = Debug|Any CPU
		{C054927A-A4F5-470B-BC72-C05F4B41B843}.Debug|Any CPU.Build.0 = Debug|Any CPU
		{C054927A-A4F5-470B-BC72-C05F4B41B843}.Release|Any CPU.ActiveCfg = Release|Any CPU
		{C054927A-A4F5-470B-BC72-C05F4B41B843}.Release|Any CPU.Build.0 = Release|Any CPU
		{D47D999A-8115-4585-BFA4-196B7F95AC03}.Debug|Any CPU.ActiveCfg = Debug|Any CPU
		{D47D999A-8115-4585-BFA4-196B7F95AC03}.Debug|Any CPU.Build.0 = Debug|Any CPU
		{D47D999A-8115-4585-BFA4-196B7F95AC03}.Release|Any CPU.ActiveCfg = Release|Any CPU
		{D47D999A-8115-4585-BFA4-196B7F95AC03}.Release|Any CPU.Build.0 = Release|Any CPU
		{222E83EF-8A67-4269-9CE0-E24E39AB952C}.Debug|Any CPU.ActiveCfg = Debug|Any CPU
		{222E83EF-8A67-4269-9CE0-E24E39AB952C}.Debug|Any CPU.Build.0 = Debug|Any CPU
		{222E83EF-8A67-4269-9CE0-E24E39AB952C}.Release|Any CPU.ActiveCfg = Release|Any CPU
		{222E83EF-8A67-4269-9CE0-E24E39AB952C}.Release|Any CPU.Build.0 = Release|Any CPU
		{3361AD75-BF5F-4C86-AD94-0610E8F539C9}.Debug|Any CPU.ActiveCfg = Debug|Any CPU
		{3361AD75-BF5F-4C86-AD94-0610E8F539C9}.Debug|Any CPU.Build.0 = Debug|Any CPU
		{3361AD75-BF5F-4C86-AD94-0610E8F539C9}.Release|Any CPU.ActiveCfg = Release|Any CPU
		{3361AD75-BF5F-4C86-AD94-0610E8F539C9}.Release|Any CPU.Build.0 = Release|Any CPU
		{06F07E9B-66E6-4466-922C-0525BF994D65}.Debug|Any CPU.ActiveCfg = Debug|Any CPU
		{06F07E9B-66E6-4466-922C-0525BF994D65}.Debug|Any CPU.Build.0 = Debug|Any CPU
		{06F07E9B-66E6-4466-922C-0525BF994D65}.Release|Any CPU.ActiveCfg = Release|Any CPU
		{06F07E9B-66E6-4466-922C-0525BF994D65}.Release|Any CPU.Build.0 = Release|Any CPU
	EndGlobalSection
	GlobalSection(SolutionProperties) = preSolution
		HideSolutionNode = FALSE
	EndGlobalSection
	GlobalSection(ExtensibilityGlobals) = postSolution
		SolutionGuid = {3929C86D-D8BD-4D65-80FC-5EE22B7F27D5}
	EndGlobalSection
EndGlobal
